{
  "name": "whatsapp.shortcut",
  "lockfileVersion": 3,
  "requires": true,
  "packages": {
    "": {
      "dependencies": {
        "@pwabuilder/pwaauth": "^0.9.7"
      }
    },
    "node_modules/@pwabuilder/pwaauth": {
      "version": "0.9.7",
      "resolved": "https://registry.npmjs.org/@pwabuilder/pwaauth/-/pwaauth-0.9.7.tgz",
      "integrity": "sha512-nEo8OCMXpXIap07InleQq5Cl4zgmnHRgMurnvsWb946O1gIXbrlsl6fMqCycFwA+9Jm1BbUHHHwrZUPv78ptFw==",
      "dependencies": {
        "lit-element": "^2.2.1",
        "msal": "^1.2.1"
      }
    },
    "node_modules/lit-element": {
      "version": "2.5.1",
      "resolved": "https://registry.npmjs.org/lit-element/-/lit-element-2.5.1.tgz",
      "integrity": "sha512-ogu7PiJTA33bEK0xGu1dmaX5vhcRjBXCFexPja0e7P7jqLhTpNKYRPmE+GmiCaRVAbiQKGkUgkh/i6+bh++dPQ==",
      "dependencies": {
        "lit-html": "^1.1.1"
      }
    },
    "node_modules/lit-html": {
      "version": "1.4.1",
      "resolved": "https://registry.npmjs.org/lit-html/-/lit-html-1.4.1.tgz",
      "integrity": "sha512-B9btcSgPYb1q4oSOb/PrOT6Z/H+r6xuNzfH4lFli/AWhYwdtrgQkQWBbIc6mdnf6E2IL3gDXdkkqNktpU0OZQA=="
    },
    "node_modules/msal": {
      "version": "1.4.18",
      "resolved": "https://registry.npmjs.org/msal/-/msal-1.4.18.tgz",
      "integrity": "sha512-QyWMWrZqpwtK6LEqhwtbikxIWqA1EOcdMvDeIDjIXdGU29wM4orwq538sPe1+JfKDIgPmJj1Fgi5B7luaw/IyA==",
      "dependencies": {
        "tslib": "^1.9.3"
      },
      "engines": {
        "node": ">=0.8.0"
      }
    },
    "node_modules/tslib": {
      "version": "1.14.1",
      "resolved": "https://registry.npmjs.org/tslib/-/tslib-1.14.1.tgz",
      "integrity": "sha512-Xni35NKzjgMrwevysHTCArtLDpPvye8zV/0E4EyYn43P7/7qvQwPh9BGkHewbMulVntbigmcT7rdX3BNo9wRJg=="
    }
  }
}
